// !$*UTF8*$!
{
	archiveVersion = 1;
	classes = {
	};
	objectVersion = 56;
	objects = {

/* Begin PBXBuildFile section */
		460E1B762C19643C003F065C /* AppDelegate.swift in Sources */ = {isa = PBXBuildFile; fileRef = 460E1B752C19643C003F065C /* AppDelegate.swift */; };
		460E1B782C19643C003F065C /* SceneDelegate.swift in Sources */ = {isa = PBXBuildFile; fileRef = 460E1B772C19643C003F065C /* SceneDelegate.swift */; };
		460E1B7A2C19643C003F065C /* ViewController.swift in Sources */ = {isa = PBXBuildFile; fileRef = 460E1B792C19643C003F065C /* ViewController.swift */; };
		460E1B7F2C19643F003F065C /* Assets.xcassets in Resources */ = {isa = PBXBuildFile; fileRef = 460E1B7E2C19643F003F065C /* Assets.xcassets */; };
		460E1B822C19643F003F065C /* Base in Resources */ = {isa = PBXBuildFile; fileRef = 460E1B812C19643F003F065C /* Base */; };
		460E1B8A2C1964BE003F065C /* .gitignore in Resources */ = {isa = PBXBuildFile; fileRef = 460E1B892C1964BE003F065C /* .gitignore */; };
		460E1B8C2C1964D9003F065C /* API.swift in Sources */ = {isa = PBXBuildFile; fileRef = 460E1B8B2C1964D9003F065C /* API.swift */; };
		4687DF382C19689200DB5CB1 /* Images.swift in Sources */ = {isa = PBXBuildFile; fileRef = 4687DF372C19689200DB5CB1 /* Images.swift */; };
		4687DF3B2C196A7400DB5CB1 /* SearchBar.swift in Sources */ = {isa = PBXBuildFile; fileRef = 4687DF3A2C196A7400DB5CB1 /* SearchBar.swift */; };
		4687DF3E2C196B7200DB5CB1 /* Kingfisher in Frameworks */ = {isa = PBXBuildFile; productRef = 4687DF3D2C196B7200DB5CB1 /* Kingfisher */; };
		4687DF412C196B8200DB5CB1 /* SnapKit in Frameworks */ = {isa = PBXBuildFile; productRef = 4687DF402C196B8200DB5CB1 /* SnapKit */; };
		4687DF442C196B8E00DB5CB1 /* Alamofire in Frameworks */ = {isa = PBXBuildFile; productRef = 4687DF432C196B8E00DB5CB1 /* Alamofire */; };
		4687DF482C1973B100DB5CB1 /* StoryCollectionViewCell.swift in Sources */ = {isa = PBXBuildFile; fileRef = 4687DF472C1973B100DB5CB1 /* StoryCollectionViewCell.swift */; };
		4687DF4A2C19857300DB5CB1 /* textImage.swift in Sources */ = {isa = PBXBuildFile; fileRef = 4687DF492C19857300DB5CB1 /* textImage.swift */; };
/* End PBXBuildFile section */

/* Begin PBXFileReference section */
		460E1B722C19643C003F065C /* StoryApp.app */ = {isa = PBXFileReference; explicitFileType = wrapper.application; includeInIndex = 0; path = StoryApp.app; sourceTree = BUILT_PRODUCTS_DIR; };
		460E1B752C19643C003F065C /* AppDelegate.swift */ = {isa = PBXFileReference; lastKnownFileType = sourcecode.swift; path = AppDelegate.swift; sourceTree = "<group>"; };
		460E1B772C19643C003F065C /* SceneDelegate.swift */ = {isa = PBXFileReference; lastKnownFileType = sourcecode.swift; path = SceneDelegate.swift; sourceTree = "<group>"; };
		460E1B792C19643C003F065C /* ViewController.swift */ = {isa = PBXFileReference; lastKnownFileType = sourcecode.swift; path = ViewController.swift; sourceTree = "<group>"; };
		460E1B7E2C19643F003F065C /* Assets.xcassets */ = {isa = PBXFileReference; lastKnownFileType = folder.assetcatalog; path = Assets.xcassets; sourceTree = "<group>"; };
		460E1B812C19643F003F065C /* Base */ = {isa = PBXFileReference; lastKnownFileType = file.storyboard; name = Base; path = Base.lproj/LaunchScreen.storyboard; sourceTree = "<group>"; };
		460E1B832C19643F003F065C /* Info.plist */ = {isa = PBXFileReference; lastKnownFileType = text.plist.xml; path = Info.plist; sourceTree = "<group>"; };
		460E1B892C1964BE003F065C /* .gitignore */ = {isa = PBXFileReference; lastKnownFileType = text; path = .gitignore; sourceTree = "<group>"; };
		460E1B8B2C1964D9003F065C /* API.swift */ = {isa = PBXFileReference; lastKnownFileType = sourcecode.swift; path = API.swift; sourceTree = "<group>"; };
		4687DF372C19689200DB5CB1 /* Images.swift */ = {isa = PBXFileReference; lastKnownFileType = sourcecode.swift; path = Images.swift; sourceTree = "<group>"; };
		4687DF3A2C196A7400DB5CB1 /* SearchBar.swift */ = {isa = PBXFileReference; lastKnownFileType = sourcecode.swift; path = SearchBar.swift; sourceTree = "<group>"; };
		4687DF472C1973B100DB5CB1 /* StoryCollectionViewCell.swift */ = {isa = PBXFileReference; lastKnownFileType = sourcecode.swift; path = StoryCollectionViewCell.swift; sourceTree = "<group>"; };
		4687DF492C19857300DB5CB1 /* textImage.swift */ = {isa = PBXFileReference; lastKnownFileType = sourcecode.swift; path = textImage.swift; sourceTree = "<group>"; };
/* End PBXFileReference section */

/* Begin PBXFrameworksBuildPhase section */
		460E1B6F2C19643C003F065C /* Frameworks */ = {
			isa = PBXFrameworksBuildPhase;
			buildActionMask = 2147483647;
			files = (
				4687DF442C196B8E00DB5CB1 /* Alamofire in Frameworks */,
				4687DF3E2C196B7200DB5CB1 /* Kingfisher in Frameworks */,
				4687DF412C196B8200DB5CB1 /* SnapKit in Frameworks */,
			);
			runOnlyForDeploymentPostprocessing = 0;
		};
/* End PBXFrameworksBuildPhase section */

/* Begin PBXGroup section */
		460E1B692C19643B003F065C = {
			isa = PBXGroup;
			children = (
				460E1B892C1964BE003F065C /* .gitignore */,
				460E1B742C19643C003F065C /* StoryApp */,
				460E1B732C19643C003F065C /* Products */,
			);
			sourceTree = "<group>";
		};
		460E1B732C19643C003F065C /* Products */ = {
			isa = PBXGroup;
			children = (
				460E1B722C19643C003F065C /* StoryApp.app */,
			);
			name = Products;
			sourceTree = "<group>";
		};
		460E1B742C19643C003F065C /* StoryApp */ = {
			isa = PBXGroup;
			children = (
				4687DF392C196A4800DB5CB1 /* View */,
				460E1B752C19643C003F065C /* AppDelegate.swift */,
				460E1B772C19643C003F065C /* SceneDelegate.swift */,
				460E1B7E2C19643F003F065C /* Assets.xcassets */,
				460E1B802C19643F003F065C /* LaunchScreen.storyboard */,
				460E1B832C19643F003F065C /* Info.plist */,
				460E1B8B2C1964D9003F065C /* API.swift */,
				4687DF372C19689200DB5CB1 /* Images.swift */,
			);
			path = StoryApp;
			sourceTree = "<group>";
		};
		4687DF392C196A4800DB5CB1 /* View */ = {
			isa = PBXGroup;
			children = (
				460E1B792C19643C003F065C /* ViewController.swift */,
				4687DF3A2C196A7400DB5CB1 /* SearchBar.swift */,
				4687DF472C1973B100DB5CB1 /* StoryCollectionViewCell.swift */,
				4687DF492C19857300DB5CB1 /* textImage.swift */,
			);
			path = View;
			sourceTree = "<group>";
		};
/* End PBXGroup section */

/* Begin PBXNativeTarget section */
		460E1B712C19643C003F065C /* StoryApp */ = {
			isa = PBXNativeTarget;
			buildConfigurationList = 460E1B862C19643F003F065C /* Build configuration list for PBXNativeTarget "StoryApp" */;
			buildPhases = (
				460E1B6E2C19643C003F065C /* Sources */,
				460E1B6F2C19643C003F065C /* Frameworks */,
				460E1B702C19643C003F065C /* Resources */,
			);
			buildRules = (
			);
			dependencies = (
			);
			name = StoryApp;
			packageProductDependencies = (
				4687DF3D2C196B7200DB5CB1 /* Kingfisher */,
				4687DF402C196B8200DB5CB1 /* SnapKit */,
				4687DF432C196B8E00DB5CB1 /* Alamofire */,
			);
			productName = StoryApp;
			productReference = 460E1B722C19643C003F065C /* StoryApp.app */;
			productType = "com.apple.product-type.application";
		};
/* End PBXNativeTarget section */

/* Begin PBXProject section */
		460E1B6A2C19643B003F065C /* Project object */ = {
			isa = PBXProject;
			attributes = {
				BuildIndependentTargetsInParallel = 1;
				LastSwiftUpdateCheck = 1540;
				LastUpgradeCheck = 1540;
				TargetAttributes = {
					460E1B712C19643C003F065C = {
						CreatedOnToolsVersion = 15.4;
					};
				};
			};
			buildConfigurationList = 460E1B6D2C19643B003F065C /* Build configuration list for PBXProject "StoryApp" */;
			compatibilityVersion = "Xcode 14.0";
			developmentRegion = en;
			hasScannedForEncodings = 0;
			knownRegions = (
				en,
				Base,
			);
			mainGroup = 460E1B692C19643B003F065C;
			packageReferences = (
				4687DF3C2C196B7200DB5CB1 /* XCRemoteSwiftPackageReference "Kingfisher" */,
				4687DF3F2C196B8200DB5CB1 /* XCRemoteSwiftPackageReference "SnapKit" */,
				4687DF422C196B8E00DB5CB1 /* XCRemoteSwiftPackageReference "Alamofire" */,
			);
			productRefGroup = 460E1B732C19643C003F065C /* Products */;
			projectDirPath = "";
			projectRoot = "";
			targets = (
				460E1B712C19643C003F065C /* StoryApp */,
			);
		};
/* End PBXProject section */

/* Begin PBXResourcesBuildPhase section */
		460E1B702C19643C003F065C /* Resources */ = {
			isa = PBXResourcesBuildPhase;
			buildActionMask = 2147483647;
			files = (
				460E1B7F2C19643F003F065C /* Assets.xcassets in Resources */,
				460E1B8A2C1964BE003F065C /* .gitignore in Resources */,
				460E1B822C19643F003F065C /* Base in Resources */,
			);
			runOnlyForDeploymentPostprocessing = 0;
		};
/* End PBXResourcesBuildPhase section */

/* Begin PBXSourcesBuildPhase section */
		460E1B6E2C19643C003F065C /* Sources */ = {
			isa = PBXSourcesBuildPhase;
			buildActionMask = 2147483647;
			files = (
				4687DF482C1973B100DB5CB1 /* StoryCollectionViewCell.swift in Sources */,
				460E1B7A2C19643C003F065C /* ViewController.swift in Sources */,
				4687DF4A2C19857300DB5CB1 /* textImage.swift in Sources */,
				460E1B762C19643C003F065C /* AppDelegate.swift in Sources */,
				4687DF382C19689200DB5CB1 /* Images.swift in Sources */,
				460E1B8C2C1964D9003F065C /* API.swift in Sources */,
				460E1B782C19643C003F065C /* SceneDelegate.swift in Sources */,
				4687DF3B2C196A7400DB5CB1 /* SearchBar.swift in Sources */,
			);
			runOnlyForDeploymentPostprocessing = 0;
		};
/* End PBXSourcesBuildPhase section */

/* Begin PBXVariantGroup section */
		460E1B802C19643F003F065C /* LaunchScreen.storyboard */ = {
			isa = PBXVariantGroup;
			children = (
				460E1B812C19643F003F065C /* Base */,
			);
			name = LaunchScreen.storyboard;
			sourceTree = "<group>";
		};
/* End PBXVariantGroup section */

/* Begin XCBuildConfiguration section */
		460E1B842C19643F003F065C /* Debug */ = {
			isa = XCBuildConfiguration;
			buildSettings = {
				ALWAYS_SEARCH_USER_PATHS = NO;
				ASSETCATALOG_COMPILER_GENERATE_SWIFT_ASSET_SYMBOL_EXTENSIONS = YES;
				CLANG_ANALYZER_NONNULL = YES;
				CLANG_ANALYZER_NUMBER_OBJECT_CONVERSION = YES_AGGRESSIVE;
				CLANG_CXX_LANGUAGE_STANDARD = "gnu++20";
				CLANG_ENABLE_MODULES = YES;
				CLANG_ENABLE_OBJC_ARC = YES;
				CLANG_ENABLE_OBJC_WEAK = YES;
				CLANG_WARN_BLOCK_CAPTURE_AUTORELEASING = YES;
				CLANG_WARN_BOOL_CONVERSION = YES;
				CLANG_WARN_COMMA = YES;
				CLANG_WARN_CONSTANT_CONVERSION = YES;
				CLANG_WARN_DEPRECATED_OBJC_IMPLEMENTATIONS = YES;
				CLANG_WARN_DIRECT_OBJC_ISA_USAGE = YES_ERROR;
				CLANG_WARN_DOCUMENTATION_COMMENTS = YES;
				CLANG_WARN_EMPTY_BODY = YES;
				CLANG_WARN_ENUM_CONVERSION = YES;
				CLANG_WARN_INFINITE_RECURSION = YES;
				CLANG_WARN_INT_CONVERSION = YES;
				CLANG_WARN_NON_LITERAL_NULL_CONVERSION = YES;
				CLANG_WARN_OBJC_IMPLICIT_RETAIN_SELF = YES;
				CLANG_WARN_OBJC_LITERAL_CONVERSION = YES;
				CLANG_WARN_OBJC_ROOT_CLASS = YES_ERROR;
				CLANG_WARN_QUOTED_INCLUDE_IN_FRAMEWORK_HEADER = YES;
				CLANG_WARN_RANGE_LOOP_ANALYSIS = YES;
				CLANG_WARN_STRICT_PROTOTYPES = YES;
				CLANG_WARN_SUSPICIOUS_MOVE = YES;
				CLANG_WARN_UNGUARDED_AVAILABILITY = YES_AGGRESSIVE;
				CLANG_WARN_UNREACHABLE_CODE = YES;
				CLANG_WARN__DUPLICATE_METHOD_MATCH = YES;
				COPY_PHASE_STRIP = NO;
				DEBUG_INFORMATION_FORMAT = dwarf;
				ENABLE_STRICT_OBJC_MSGSEND = YES;
				ENABLE_TESTABILITY = YES;
				ENABLE_USER_SCRIPT_SANDBOXING = YES;
				GCC_C_LANGUAGE_STANDARD = gnu17;
				GCC_DYNAMIC_NO_PIC = NO;
				GCC_NO_COMMON_BLOCKS = YES;
				GCC_OPTIMIZATION_LEVEL = 0;
				GCC_PREPROCESSOR_DEFINITIONS = (
					"DEBUG=1",
					"$(inherited)",
				);
				GCC_WARN_64_TO_32_BIT_CONVERSION = YES;
				GCC_WARN_ABOUT_RETURN_TYPE = YES_ERROR;
				GCC_WARN_UNDECLARED_SELECTOR = YES;
				GCC_WARN_UNINITIALIZED_AUTOS = YES_AGGRESSIVE;
				GCC_WARN_UNUSED_FUNCTION = YES;
				GCC_WARN_UNUSED_VARIABLE = YES;
				IPHONEOS_DEPLOYMENT_TARGET = 17.5;
				LOCALIZATION_PREFERS_STRING_CATALOGS = YES;
				MTL_ENABLE_DEBUG_INFO = INCLUDE_SOURCE;
				MTL_FAST_MATH = YES;
				ONLY_ACTIVE_ARCH = YES;
				SDKROOT = iphoneos;
				SWIFT_ACTIVE_COMPILATION_CONDITIONS = "DEBUG $(inherited)";
				SWIFT_OPTIMIZATION_LEVEL = "-Onone";
			};
			name = Debug;
		};
		460E1B852C19643F003F065C /* Release */ = {
			isa = XCBuildConfiguration;
			buildSettings = {
				ALWAYS_SEARCH_USER_PATHS = NO;
				ASSETCATALOG_COMPILER_GENERATE_SWIFT_ASSET_SYMBOL_EXTENSIONS = YES;
				CLANG_ANALYZER_NONNULL = YES;
				CLANG_ANALYZER_NUMBER_OBJECT_CONVERSION = YES_AGGRESSIVE;
				CLANG_CXX_LANGUAGE_STANDARD = "gnu++20";
				CLANG_ENABLE_MODULES = YES;
				CLANG_ENABLE_OBJC_ARC = YES;
				CLANG_ENABLE_OBJC_WEAK = YES;
				CLANG_WARN_BLOCK_CAPTURE_AUTORELEASING = YES;
				CLANG_WARN_BOOL_CONVERSION = YES;
				CLANG_WARN_COMMA = YES;
				CLANG_WARN_CONSTANT_CONVERSION = YES;
				CLANG_WARN_DEPRECATED_OBJC_IMPLEMENTATIONS = YES;
				CLANG_WARN_DIRECT_OBJC_ISA_USAGE = YES_ERROR;
				CLANG_WARN_DOCUMENTATION_COMMENTS = YES;
				CLANG_WARN_EMPTY_BODY = YES;
				CLANG_WARN_ENUM_CONVERSION = YES;
				CLANG_WARN_INFINITE_RECURSION = YES;
				CLANG_WARN_INT_CONVERSION = YES;
				CLANG_WARN_NON_LITERAL_NULL_CONVERSION = YES;
				CLANG_WARN_OBJC_IMPLICIT_RETAIN_SELF = YES;
				CLANG_WARN_OBJC_LITERAL_CONVERSION = YES;
				CLANG_WARN_OBJC_ROOT_CLASS = YES_ERROR;
				CLANG_WARN_QUOTED_INCLUDE_IN_FRAMEWORK_HEADER = YES;
				CLANG_WARN_RANGE_LOOP_ANALYSIS = YES;
				CLANG_WARN_STRICT_PROTOTYPES = YES;
				CLANG_WARN_SUSPICIOUS_MOVE = YES;
				CLANG_WARN_UNGUARDED_AVAILABILITY = YES_AGGRESSIVE;
				CLANG_WARN_UNREACHABLE_CODE = YES;
				CLANG_WARN__DUPLICATE_METHOD_MATCH = YES;
				COPY_PHASE_STRIP = NO;
				DEBUG_INFORMATION_FORMAT = "dwarf-with-dsym";
				ENABLE_NS_ASSERTIONS = NO;
				ENABLE_STRICT_OBJC_MSGSEND = YES;
				ENABLE_USER_SCRIPT_SANDBOXING = YES;
				GCC_C_LANGUAGE_STANDARD = gnu17;
				GCC_NO_COMMON_BLOCKS = YES;
				GCC_WARN_64_TO_32_BIT_CONVERSION = YES;
				GCC_WARN_ABOUT_RETURN_TYPE = YES_ERROR;
				GCC_WARN_UNDECLARED_SELECTOR = YES;
				GCC_WARN_UNINITIALIZED_AUTOS = YES_AGGRESSIVE;
				GCC_WARN_UNUSED_FUNCTION = YES;
				GCC_WARN_UNUSED_VARIABLE = YES;
				IPHONEOS_DEPLOYMENT_TARGET = 17.5;
				LOCALIZATION_PREFERS_STRING_CATALOGS = YES;
				MTL_ENABLE_DEBUG_INFO = NO;
				MTL_FAST_MATH = YES;
				SDKROOT = iphoneos;
				SWIFT_COMPILATION_MODE = wholemodule;
				VALIDATE_PRODUCT = YES;
			};
			name = Release;
		};
		460E1B872C19643F003F065C /* Debug */ = {
			isa = XCBuildConfiguration;
			buildSettings = {
				ASSETCATALOG_COMPILER_APPICON_NAME = AppIcon;
				ASSETCATALOG_COMPILER_GLOBAL_ACCENT_COLOR_NAME = AccentColor;
				CODE_SIGN_STYLE = Automatic;
				CURRENT_PROJECT_VERSION = 1;
				GENERATE_INFOPLIST_FILE = YES;
				INFOPLIST_FILE = StoryApp/Info.plist;
				INFOPLIST_KEY_UIApplicationSupportsIndirectInputEvents = YES;
				INFOPLIST_KEY_UILaunchStoryboardName = LaunchScreen;
				INFOPLIST_KEY_UISupportedInterfaceOrientations = UIInterfaceOrientationPortrait;
				INFOPLIST_KEY_UISupportedInterfaceOrientations_iPad = UIInterfaceOrientationPortrait;
				LD_RUNPATH_SEARCH_PATHS = (
					"$(inherited)",
					"@executable_path/Frameworks",
				);
				MARKETING_VERSION = 1.0;
				PRODUCT_BUNDLE_IDENTIFIER = com.sesac.StoryApp;
				PRODUCT_NAME = "$(TARGET_NAME)";
				SUPPORTED_PLATFORMS = "iphoneos iphonesimulator";
				SUPPORTS_MACCATALYST = NO;
				SUPPORTS_MAC_DESIGNED_FOR_IPHONE_IPAD = NO;
				SUPPORTS_XR_DESIGNED_FOR_IPHONE_IPAD = NO;
				SWIFT_EMIT_LOC_STRINGS = YES;
				SWIFT_VERSION = 5.0;
				TARGETED_DEVICE_FAMILY = 1;
			};
			name = Debug;
		};
		460E1B882C19643F003F065C /* Release */ = {
			isa = XCBuildConfiguration;
			buildSettings = {
				ASSETCATALOG_COMPILER_APPICON_NAME = AppIcon;
				ASSETCATALOG_COMPILER_GLOBAL_ACCENT_COLOR_NAME = AccentColor;
				CODE_SIGN_STYLE = Automatic;
				CURRENT_PROJECT_VERSION = 1;
				GENERATE_INFOPLIST_FILE = YES;
				INFOPLIST_FILE = StoryApp/Info.plist;
				INFOPLIST_KEY_UIApplicationSupportsIndirectInputEvents = YES;
				INFOPLIST_KEY_UILaunchStoryboardName = LaunchScreen;
				INFOPLIST_KEY_UISupportedInterfaceOrientations = UIInterfaceOrientationPortrait;
				INFOPLIST_KEY_UISupportedInterfaceOrientations_iPad = UIInterfaceOrientationPortrait;
				LD_RUNPATH_SEARCH_PATHS = (
					"$(inherited)",
					"@executable_path/Frameworks",
				);
				MARKETING_VERSION = 1.0;
				PRODUCT_BUNDLE_IDENTIFIER = com.sesac.StoryApp;
				PRODUCT_NAME = "$(TARGET_NAME)";
				SUPPORTED_PLATFORMS = "iphoneos iphonesimulator";
				SUPPORTS_MACCATALYST = NO;
				SUPPORTS_MAC_DESIGNED_FOR_IPHONE_IPAD = NO;
				SUPPORTS_XR_DESIGNED_FOR_IPHONE_IPAD = NO;
				SWIFT_EMIT_LOC_STRINGS = YES;
				SWIFT_VERSION = 5.0;
				TARGETED_DEVICE_FAMILY = 1;
			};
			name = Release;
		};
/* End XCBuildConfiguration section */

/* Begin XCConfigurationList section */
		460E1B6D2C19643B003F065C /* Build configuration list for PBXProject "StoryApp" */ = {
			isa = XCConfigurationList;
			buildConfigurations = (
				460E1B842C19643F003F065C /* Debug */,
				460E1B852C19643F003F065C /* Release */,
			);
			defaultConfigurationIsVisible = 0;
			defaultConfigurationName = Release;
		};
		460E1B862C19643F003F065C /* Build configuration list for PBXNativeTarget "StoryApp" */ = {
			isa = XCConfigurationList;
			buildConfigurations = (
				460E1B872C19643F003F065C /* Debug */,
				460E1B882C19643F003F065C /* Release */,
			);
			defaultConfigurationIsVisible = 0;
			defaultConfigurationName = Release;
		};
/* End XCConfigurationList section */

/* Begin XCRemoteSwiftPackageReference section */
		4687DF3C2C196B7200DB5CB1 /* XCRemoteSwiftPackageReference "Kingfisher" */ = {
			isa = XCRemoteSwiftPackageReference;
			repositoryURL = "https://github.com/onevcat/Kingfisher";
			requirement = {
				kind = upToNextMajorVersion;
				minimumVersion = 7.12.0;
			};
		};
		4687DF3F2C196B8200DB5CB1 /* XCRemoteSwiftPackageReference "SnapKit" */ = {
			isa = XCRemoteSwiftPackageReference;
			repositoryURL = "https://github.com/SnapKit/SnapKit.git";
			requirement = {
				kind = upToNextMajorVersion;
				minimumVersion = 5.7.1;
			};
		};
		4687DF422C196B8E00DB5CB1 /* XCRemoteSwiftPackageReference "Alamofire" */ = {
			isa = XCRemoteSwiftPackageReference;
			repositoryURL = "https://github.com/Alamofire/Alamofire.git";
			requirement = {
				kind = upToNextMajorVersion;
				minimumVersion = 5.9.1;
			};
		};
/* End XCRemoteSwiftPackageReference section */

/* Begin XCSwiftPackageProductDependency section */
		4687DF3D2C196B7200DB5CB1 /* Kingfisher */ = {
			isa = XCSwiftPackageProductDependency;
			package = 4687DF3C2C196B7200DB5CB1 /* XCRemoteSwiftPackageReference "Kingfisher" */;
			productName = Kingfisher;
		};
		4687DF402C196B8200DB5CB1 /* SnapKit */ = {
			isa = XCSwiftPackageProductDependency;
			package = 4687DF3F2C196B8200DB5CB1 /* XCRemoteSwiftPackageReference "SnapKit" */;
			productName = SnapKit;
		};
		4687DF432C196B8E00DB5CB1 /* Alamofire */ = {
			isa = XCSwiftPackageProductDependency;
			package = 4687DF422C196B8E00DB5CB1 /* XCRemoteSwiftPackageReference "Alamofire" */;
			productName = Alamofire;
		};
/* End XCSwiftPackageProductDependency section */
	};
	rootObject = 460E1B6A2C19643B003F065C /* Project object */;
}
